
Microsoft Visual Studio Solution File, Format Version 12.00
# Visual Studio Version 16
VisualStudioVersion = 16.0.30011.22
MinimumVisualStudioVersion = 10.0.40219.1
Project("{FAE04EC0-301F-11D3-BF4B-00C04F79EFBC}") = "MainLogic", "MainLogic.csproj", "{476F06E8-64E7-4981-9002-EADBBACF97FB}"
EndProject
Global
	GlobalSection(SolutionConfigurationPlatforms) = preSolution
		Debug|Any CPU = Debug|Any CPU
		Release|Any CPU = Release|Any CPU
	EndGlobalSection
	GlobalSection(ProjectConfigurationPlatforms) = postSolution
		{476F06E8-64E7-4981-9002-EADBBACF97FB}.Debug|Any CPU.ActiveCfg = Debug|Any CPU
		{476F06E8-64E7-4981-9002-EADBBACF97FB}.Debug|Any CPU.Build.0 = Debug|Any CPU
		{476F06E8-64E7-4981-9002-EADBBACF97FB}.Release|Any CPU.ActiveCfg = Release|Any CPU
		{476F06E8-64E7-4981-9002-EADBBACF97FB}.Release|Any CPU.Build.0 = Release|Any CPU
	EndGlobalSection
	GlobalSection(SolutionProperties) = preSolution
		HideSolutionNode = FALSE
	EndGlobalSection
	GlobalSection(ExtensibilityGlobals) = postSolution
		SolutionGuid = {B09C08AF-D8EC-45ED-A754-D296D8CB4E69}
	EndGlobalSection
EndGlobal
